PODS:
  - AFNetworking (3.1.0):
    - AFNetworking/NSURLSession (= 3.1.0)
    - AFNetworking/Reachability (= 3.1.0)
    - AFNetworking/Security (= 3.1.0)
    - AFNetworking/Serialization (= 3.1.0)
    - AFNetworking/UIKit (= 3.1.0)
  - AFNetworking/NSURLSession (3.1.0):
    - AFNetworking/Reachability
    - AFNetworking/Security
    - AFNetworking/Serialization
  - AFNetworking/Reachability (3.1.0)
  - AFNetworking/Security (3.1.0)
  - AFNetworking/Serialization (3.1.0)
  - AFNetworking/UIKit (3.1.0):
    - AFNetworking/NSURLSession
  - GoogleAnalytics (3.17.0)
  - MyLibrary (0.1.0):
    - AFNetworking
    - GoogleAnalytics

DEPENDENCIES:
  - MyLibrary (from `../`)

EXTERNAL SOURCES:
  MyLibrary:
    :path: "../"

SPEC CHECKSUMS:
  AFNetworking: 5e0e199f73d8626b11e79750991f5d173d1f8b67
  GoogleAnalytics: f42cc53a87a51fe94334821868d9c8481ff47a7b
  MyLibrary: fa2c63a69acb4b999653eca9d0b2fb9d9f0d07fe

PODFILE CHECKSUM: efbdb449322544d6a83954c6a9578091d9f3a3c8

COCOAPODS: 1.2.0
